// !$*UTF8*$!
{
	archiveVersion = 1;
	classes = {
	};
	objectVersion = 50;
	objects = {

/* Begin PBXBuildFile section */
		3E46590723FB03D800747F38 /* BaseNavigationController.swift in Sources */ = {isa = PBXBuildFile; fileRef = 3E46590623FB03D800747F38 /* BaseNavigationController.swift */; };
		3E46590923FB145C00747F38 /* UserModel.swift in Sources */ = {isa = PBXBuildFile; fileRef = 3E46590823FB145C00747F38 /* UserModel.swift */; };
		3E4DA68C2406E30D0095C054 /* ExtendedCoordinate.swift in Sources */ = {isa = PBXBuildFile; fileRef = 3E4DA68B2406E30D0095C054 /* ExtendedCoordinate.swift */; };
		3E4DA68E2409B2840095C054 /* CreateUserViewModel.swift in Sources */ = {isa = PBXBuildFile; fileRef = 3E4DA68D2409B2840095C054 /* CreateUserViewModel.swift */; };
		3E4DA6902409B72B0095C054 /* Localizable.strings in Resources */ = {isa = PBXBuildFile; fileRef = 3E4DA68F2409B72B0095C054 /* Localizable.strings */; };
		3E4DA6922409BAB60095C054 /* StringExtension.swift in Sources */ = {isa = PBXBuildFile; fileRef = 3E4DA6912409BAB60095C054 /* StringExtension.swift */; };
		3E4DA6952409BB2A0095C054 /* LocalizationKeys.swift in Sources */ = {isa = PBXBuildFile; fileRef = 3E4DA6942409BB2A0095C054 /* LocalizationKeys.swift */; };
		3E502E2E23F80B15003533F4 /* VerificationViewModel.swift in Sources */ = {isa = PBXBuildFile; fileRef = 3E502E2D23F80B15003533F4 /* VerificationViewModel.swift */; };
		3E502E3223F81808003533F4 /* BaseViewController.swift in Sources */ = {isa = PBXBuildFile; fileRef = 3E502E3123F81808003533F4 /* BaseViewController.swift */; };
		3E523ECE23F1D0F5007D461B /* CreateUserView.swift in Sources */ = {isa = PBXBuildFile; fileRef = 3E523ECD23F1D0F5007D461B /* CreateUserView.swift */; };
		3E523ED023F1D941007D461B /* UIViewControllerExtension.swift in Sources */ = {isa = PBXBuildFile; fileRef = 3E523ECF23F1D941007D461B /* UIViewControllerExtension.swift */; };
		3E523ED223F1DE05007D461B /* UserListView.swift in Sources */ = {isa = PBXBuildFile; fileRef = 3E523ED123F1DE05007D461B /* UserListView.swift */; };
		3E523ED423F1E308007D461B /* UserListTableViewCell.swift in Sources */ = {isa = PBXBuildFile; fileRef = 3E523ED323F1E308007D461B /* UserListTableViewCell.swift */; };
		3E523ED723F31BAC007D461B /* UserListViewModel.swift in Sources */ = {isa = PBXBuildFile; fileRef = 3E523ED623F31BAC007D461B /* UserListViewModel.swift */; };
		3E523EDA23F31CAB007D461B /* CreateUserViewController.swift in Sources */ = {isa = PBXBuildFile; fileRef = 3E523ED923F31CAB007D461B /* CreateUserViewController.swift */; };
		3E523EDC23F31D47007D461B /* UserListViewController.swift in Sources */ = {isa = PBXBuildFile; fileRef = 3E523EDB23F31D47007D461B /* UserListViewController.swift */; };
		3E53B6AD23FEF88A000D6293 /* Coordinate.swift in Sources */ = {isa = PBXBuildFile; fileRef = 3E53B6AC23FEF88A000D6293 /* Coordinate.swift */; };
		3E53B6AF23FEF9D4000D6293 /* CoordinateModel.swift in Sources */ = {isa = PBXBuildFile; fileRef = 3E53B6AE23FEF9D4000D6293 /* CoordinateModel.swift */; };
		3E53F6E823F5A5B600378EF0 /* SecureStorage.swift in Sources */ = {isa = PBXBuildFile; fileRef = 3E53F6E723F5A5B600378EF0 /* SecureStorage.swift */; };
		3E53F6EB23F5F23D00378EF0 /* Locksmith.framework in Frameworks */ = {isa = PBXBuildFile; fileRef = 3E53F6EA23F5F23D00378EF0 /* Locksmith.framework */; settings = {ATTRIBUTES = (Required, ); }; };
		3E53F6ED23F5F28500378EF0 /* Locksmith.framework in Embed Frameworks */ = {isa = PBXBuildFile; fileRef = 3E53F6EC23F5F28500378EF0 /* Locksmith.framework */; settings = {ATTRIBUTES = (CodeSignOnCopy, RemoveHeadersOnCopy, ); }; };
		3E5677ED240125A1003E8ED0 /* TimeSerieModel.swift in Sources */ = {isa = PBXBuildFile; fileRef = 3E5677EC240125A1003E8ED0 /* TimeSerieModel.swift */; };
		3E68F48623F060E500AFD0F2 /* LoginView.swift in Sources */ = {isa = PBXBuildFile; fileRef = 3E68F48523F060E500AFD0F2 /* LoginView.swift */; };
		3E68F48923F0639300AFD0F2 /* UIBarButtonItemExtension.swift in Sources */ = {isa = PBXBuildFile; fileRef = 3E68F48823F0639300AFD0F2 /* UIBarButtonItemExtension.swift */; };
		3E68F48B23F066B100AFD0F2 /* UIControlExtension.swift in Sources */ = {isa = PBXBuildFile; fileRef = 3E68F48A23F066B100AFD0F2 /* UIControlExtension.swift */; };
		3E68F48E23F0693600AFD0F2 /* LoginViewController.swift in Sources */ = {isa = PBXBuildFile; fileRef = 3E68F48D23F0693600AFD0F2 /* LoginViewController.swift */; };
		3E68F49023F06C0B00AFD0F2 /* Main.storyboard in Resources */ = {isa = PBXBuildFile; fileRef = 3E68F48F23F06C0B00AFD0F2 /* Main.storyboard */; };
		3E73727A23EF283300E703A5 /* VerificationView.swift in Sources */ = {isa = PBXBuildFile; fileRef = 3E73727923EF283300E703A5 /* VerificationView.swift */; };
		3E73727E23EF2B7900E703A5 /* CanvasView.swift in Sources */ = {isa = PBXBuildFile; fileRef = 3E73727D23EF2B7900E703A5 /* CanvasView.swift */; };
		3E813DBF23EC96A00022D836 /* AppDelegate.swift in Sources */ = {isa = PBXBuildFile; fileRef = 3E813DBE23EC96A00022D836 /* AppDelegate.swift */; };
		3E813DC123EC96A00022D836 /* SceneDelegate.swift in Sources */ = {isa = PBXBuildFile; fileRef = 3E813DC023EC96A00022D836 /* SceneDelegate.swift */; };
		3E813DC323EC96A00022D836 /* VerificationViewController.swift in Sources */ = {isa = PBXBuildFile; fileRef = 3E813DC223EC96A00022D836 /* VerificationViewController.swift */; };
		3E813DC823EC96A10022D836 /* Assets.xcassets in Resources */ = {isa = PBXBuildFile; fileRef = 3E813DC723EC96A10022D836 /* Assets.xcassets */; };
		3E813DCB23EC96A10022D836 /* LaunchScreen.storyboard in Resources */ = {isa = PBXBuildFile; fileRef = 3E813DC923EC96A10022D836 /* LaunchScreen.storyboard */; };
		3E813DD623EC96A20022D836 /* OneTimePasswordDemoTests.swift in Sources */ = {isa = PBXBuildFile; fileRef = 3E813DD523EC96A20022D836 /* OneTimePasswordDemoTests.swift */; };
		3E813DE123EC96A20022D836 /* OneTimePasswordDemoUITests.swift in Sources */ = {isa = PBXBuildFile; fileRef = 3E813DE023EC96A20022D836 /* OneTimePasswordDemoUITests.swift */; };
		3E813DF023EC9B150022D836 /* PureLayout.framework in Frameworks */ = {isa = PBXBuildFile; fileRef = 3E813DEF23EC9B150022D836 /* PureLayout.framework */; };
		3E813DF123EC9B150022D836 /* PureLayout.framework in Embed Frameworks */ = {isa = PBXBuildFile; fileRef = 3E813DEF23EC9B150022D836 /* PureLayout.framework */; settings = {ATTRIBUTES = (CodeSignOnCopy, RemoveHeadersOnCopy, ); }; };
/* End PBXBuildFile section */

/* Begin PBXContainerItemProxy section */
		3E813DD223EC96A20022D836 /* PBXContainerItemProxy */ = {
			isa = PBXContainerItemProxy;
			containerPortal = 3E813DB323EC96A00022D836 /* Project object */;
			proxyType = 1;
			remoteGlobalIDString = 3E813DBA23EC96A00022D836;
			remoteInfo = OneTimePasswordDemo;
		};
		3E813DDD23EC96A20022D836 /* PBXContainerItemProxy */ = {
			isa = PBXContainerItemProxy;
			containerPortal = 3E813DB323EC96A00022D836 /* Project object */;
			proxyType = 1;
			remoteGlobalIDString = 3E813DBA23EC96A00022D836;
			remoteInfo = OneTimePasswordDemo;
		};
/* End PBXContainerItemProxy section */

/* Begin PBXCopyFilesBuildPhase section */
		3E813DF223EC9B150022D836 /* Embed Frameworks */ = {
			isa = PBXCopyFilesBuildPhase;
			buildActionMask = 2147483647;
			dstPath = "";
			dstSubfolderSpec = 10;
			files = (
				3E53F6ED23F5F28500378EF0 /* Locksmith.framework in Embed Frameworks */,
				3E813DF123EC9B150022D836 /* PureLayout.framework in Embed Frameworks */,
			);
			name = "Embed Frameworks";
			runOnlyForDeploymentPostprocessing = 0;
		};
/* End PBXCopyFilesBuildPhase section */

/* Begin PBXFileReference section */
		3E46590623FB03D800747F38 /* BaseNavigationController.swift */ = {isa = PBXFileReference; lastKnownFileType = sourcecode.swift; path = BaseNavigationController.swift; sourceTree = "<group>"; };
		3E46590823FB145C00747F38 /* UserModel.swift */ = {isa = PBXFileReference; lastKnownFileType = sourcecode.swift; path = UserModel.swift; sourceTree = "<group>"; };
		3E4DA68B2406E30D0095C054 /* ExtendedCoordinate.swift */ = {isa = PBXFileReference; lastKnownFileType = sourcecode.swift; path = ExtendedCoordinate.swift; sourceTree = "<group>"; };
		3E4DA68D2409B2840095C054 /* CreateUserViewModel.swift */ = {isa = PBXFileReference; lastKnownFileType = sourcecode.swift; path = CreateUserViewModel.swift; sourceTree = "<group>"; };
		3E4DA68F2409B72B0095C054 /* Localizable.strings */ = {isa = PBXFileReference; lastKnownFileType = text.plist.strings; path = Localizable.strings; sourceTree = "<group>"; };
		3E4DA6912409BAB60095C054 /* StringExtension.swift */ = {isa = PBXFileReference; lastKnownFileType = sourcecode.swift; path = StringExtension.swift; sourceTree = "<group>"; };
		3E4DA6942409BB2A0095C054 /* LocalizationKeys.swift */ = {isa = PBXFileReference; lastKnownFileType = sourcecode.swift; path = LocalizationKeys.swift; sourceTree = "<group>"; };
		3E502E2D23F80B15003533F4 /* VerificationViewModel.swift */ = {isa = PBXFileReference; lastKnownFileType = sourcecode.swift; path = VerificationViewModel.swift; sourceTree = "<group>"; };
		3E502E3123F81808003533F4 /* BaseViewController.swift */ = {isa = PBXFileReference; lastKnownFileType = sourcecode.swift; path = BaseViewController.swift; sourceTree = "<group>"; };
		3E523ECD23F1D0F5007D461B /* CreateUserView.swift */ = {isa = PBXFileReference; lastKnownFileType = sourcecode.swift; path = CreateUserView.swift; sourceTree = "<group>"; };
		3E523ECF23F1D941007D461B /* UIViewControllerExtension.swift */ = {isa = PBXFileReference; lastKnownFileType = sourcecode.swift; path = UIViewControllerExtension.swift; sourceTree = "<group>"; };
		3E523ED123F1DE05007D461B /* UserListView.swift */ = {isa = PBXFileReference; lastKnownFileType = sourcecode.swift; path = UserListView.swift; sourceTree = "<group>"; };
		3E523ED323F1E308007D461B /* UserListTableViewCell.swift */ = {isa = PBXFileReference; lastKnownFileType = sourcecode.swift; path = UserListTableViewCell.swift; sourceTree = "<group>"; };
		3E523ED623F31BAC007D461B /* UserListViewModel.swift */ = {isa = PBXFileReference; lastKnownFileType = sourcecode.swift; path = UserListViewModel.swift; sourceTree = "<group>"; };
		3E523ED923F31CAB007D461B /* CreateUserViewController.swift */ = {isa = PBXFileReference; lastKnownFileType = sourcecode.swift; path = CreateUserViewController.swift; sourceTree = "<group>"; };
		3E523EDB23F31D47007D461B /* UserListViewController.swift */ = {isa = PBXFileReference; lastKnownFileType = sourcecode.swift; path = UserListViewController.swift; sourceTree = "<group>"; };
		3E53B6AC23FEF88A000D6293 /* Coordinate.swift */ = {isa = PBXFileReference; fileEncoding = 4; lastKnownFileType = sourcecode.swift; path = Coordinate.swift; sourceTree = "<group>"; };
		3E53B6AE23FEF9D4000D6293 /* CoordinateModel.swift */ = {isa = PBXFileReference; lastKnownFileType = sourcecode.swift; path = CoordinateModel.swift; sourceTree = "<group>"; };
		3E53F6E723F5A5B600378EF0 /* SecureStorage.swift */ = {isa = PBXFileReference; lastKnownFileType = sourcecode.swift; path = SecureStorage.swift; sourceTree = "<group>"; };
		3E53F6E923F5AB2E00378EF0 /* OneTimePasswordDemo.entitlements */ = {isa = PBXFileReference; lastKnownFileType = text.plist.entitlements; path = OneTimePasswordDemo.entitlements; sourceTree = "<group>"; };
		3E53F6EA23F5F23D00378EF0 /* Locksmith.framework */ = {isa = PBXFileReference; lastKnownFileType = wrapper.framework; name = Locksmith.framework; path = Carthage/Build/iOS/Locksmith.framework; sourceTree = "<group>"; };
		3E53F6EC23F5F28500378EF0 /* Locksmith.framework */ = {isa = PBXFileReference; lastKnownFileType = wrapper.framework; name = Locksmith.framework; path = Carthage/Build/iOS/Locksmith.framework; sourceTree = "<group>"; };
		3E5677EC240125A1003E8ED0 /* TimeSerieModel.swift */ = {isa = PBXFileReference; lastKnownFileType = sourcecode.swift; path = TimeSerieModel.swift; sourceTree = "<group>"; };
		3E68F48523F060E500AFD0F2 /* LoginView.swift */ = {isa = PBXFileReference; lastKnownFileType = sourcecode.swift; path = LoginView.swift; sourceTree = "<group>"; };
		3E68F48823F0639300AFD0F2 /* UIBarButtonItemExtension.swift */ = {isa = PBXFileReference; lastKnownFileType = sourcecode.swift; path = UIBarButtonItemExtension.swift; sourceTree = "<group>"; };
		3E68F48A23F066B100AFD0F2 /* UIControlExtension.swift */ = {isa = PBXFileReference; lastKnownFileType = sourcecode.swift; path = UIControlExtension.swift; sourceTree = "<group>"; };
		3E68F48D23F0693600AFD0F2 /* LoginViewController.swift */ = {isa = PBXFileReference; lastKnownFileType = sourcecode.swift; path = LoginViewController.swift; sourceTree = "<group>"; };
		3E68F48F23F06C0B00AFD0F2 /* Main.storyboard */ = {isa = PBXFileReference; fileEncoding = 4; lastKnownFileType = file.storyboard; path = Main.storyboard; sourceTree = "<group>"; };
		3E73727923EF283300E703A5 /* VerificationView.swift */ = {isa = PBXFileReference; lastKnownFileType = sourcecode.swift; path = VerificationView.swift; sourceTree = "<group>"; };
		3E73727D23EF2B7900E703A5 /* CanvasView.swift */ = {isa = PBXFileReference; lastKnownFileType = sourcecode.swift; path = CanvasView.swift; sourceTree = "<group>"; };
		3E813DBB23EC96A00022D836 /* OneTimePasswordDemo.app */ = {isa = PBXFileReference; explicitFileType = wrapper.application; includeInIndex = 0; path = OneTimePasswordDemo.app; sourceTree = BUILT_PRODUCTS_DIR; };
		3E813DBE23EC96A00022D836 /* AppDelegate.swift */ = {isa = PBXFileReference; lastKnownFileType = sourcecode.swift; path = AppDelegate.swift; sourceTree = "<group>"; };
		3E813DC023EC96A00022D836 /* SceneDelegate.swift */ = {isa = PBXFileReference; lastKnownFileType = sourcecode.swift; path = SceneDelegate.swift; sourceTree = "<group>"; };
		3E813DC223EC96A00022D836 /* VerificationViewController.swift */ = {isa = PBXFileReference; lastKnownFileType = sourcecode.swift; path = VerificationViewController.swift; sourceTree = "<group>"; };
		3E813DC723EC96A10022D836 /* Assets.xcassets */ = {isa = PBXFileReference; lastKnownFileType = folder.assetcatalog; path = Assets.xcassets; sourceTree = "<group>"; };
		3E813DCA23EC96A10022D836 /* Base */ = {isa = PBXFileReference; lastKnownFileType = file.storyboard; name = Base; path = Base.lproj/LaunchScreen.storyboard; sourceTree = "<group>"; };
		3E813DCC23EC96A20022D836 /* Info.plist */ = {isa = PBXFileReference; lastKnownFileType = text.plist.xml; path = Info.plist; sourceTree = "<group>"; };
		3E813DD123EC96A20022D836 /* OneTimePasswordDemoTests.xctest */ = {isa = PBXFileReference; explicitFileType = wrapper.cfbundle; includeInIndex = 0; path = OneTimePasswordDemoTests.xctest; sourceTree = BUILT_PRODUCTS_DIR; };
		3E813DD523EC96A20022D836 /* OneTimePasswordDemoTests.swift */ = {isa = PBXFileReference; lastKnownFileType = sourcecode.swift; path = OneTimePasswordDemoTests.swift; sourceTree = "<group>"; };
		3E813DD723EC96A20022D836 /* Info.plist */ = {isa = PBXFileReference; lastKnownFileType = text.plist.xml; path = Info.plist; sourceTree = "<group>"; };
		3E813DDC23EC96A20022D836 /* OneTimePasswordDemoUITests.xctest */ = {isa = PBXFileReference; explicitFileType = wrapper.cfbundle; includeInIndex = 0; path = OneTimePasswordDemoUITests.xctest; sourceTree = BUILT_PRODUCTS_DIR; };
		3E813DE023EC96A20022D836 /* OneTimePasswordDemoUITests.swift */ = {isa = PBXFileReference; lastKnownFileType = sourcecode.swift; path = OneTimePasswordDemoUITests.swift; sourceTree = "<group>"; };
		3E813DE223EC96A20022D836 /* Info.plist */ = {isa = PBXFileReference; lastKnownFileType = text.plist.xml; path = Info.plist; sourceTree = "<group>"; };
		3E813DEF23EC9B150022D836 /* PureLayout.framework */ = {isa = PBXFileReference; lastKnownFileType = wrapper.framework; name = PureLayout.framework; path = Carthage/Build/iOS/PureLayout.framework; sourceTree = "<group>"; };
/* End PBXFileReference section */

/* Begin PBXFrameworksBuildPhase section */
		3E813DB823EC96A00022D836 /* Frameworks */ = {
			isa = PBXFrameworksBuildPhase;
			buildActionMask = 2147483647;
			files = (
				3E813DF023EC9B150022D836 /* PureLayout.framework in Frameworks */,
				3E53F6EB23F5F23D00378EF0 /* Locksmith.framework in Frameworks */,
			);
			runOnlyForDeploymentPostprocessing = 0;
		};
		3E813DCE23EC96A20022D836 /* Frameworks */ = {
			isa = PBXFrameworksBuildPhase;
			buildActionMask = 2147483647;
			files = (
			);
			runOnlyForDeploymentPostprocessing = 0;
		};
		3E813DD923EC96A20022D836 /* Frameworks */ = {
			isa = PBXFrameworksBuildPhase;
			buildActionMask = 2147483647;
			files = (
			);
			runOnlyForDeploymentPostprocessing = 0;
		};
/* End PBXFrameworksBuildPhase section */

/* Begin PBXGroup section */
		3E46590A23FB15CF00747F38 /* Models */ = {
			isa = PBXGroup;
			children = (
				3E53B6AC23FEF88A000D6293 /* Coordinate.swift */,
				3E4DA68B2406E30D0095C054 /* ExtendedCoordinate.swift */,
				3E46590823FB145C00747F38 /* UserModel.swift */,
				3E53B6AE23FEF9D4000D6293 /* CoordinateModel.swift */,
				3E5677EC240125A1003E8ED0 /* TimeSerieModel.swift */,
			);
			path = Models;
			sourceTree = "<group>";
		};
		3E46590B23FB15DE00747F38 /* Views */ = {
			isa = PBXGroup;
			children = (
				3E73727D23EF2B7900E703A5 /* CanvasView.swift */,
			);
			path = Views;
			sourceTree = "<group>";
		};
		3E46590C23FB15ED00747F38 /* ViewControllers */ = {
			isa = PBXGroup;
			children = (
				3E502E3123F81808003533F4 /* BaseViewController.swift */,
				3E46590623FB03D800747F38 /* BaseNavigationController.swift */,
			);
			path = ViewControllers;
			sourceTree = "<group>";
		};
		3E4DA6932409BAE30095C054 /* Localization */ = {
			isa = PBXGroup;
			children = (
				3E4DA6942409BB2A0095C054 /* LocalizationKeys.swift */,
				3E4DA68F2409B72B0095C054 /* Localizable.strings */,
			);
			path = Localization;
			sourceTree = "<group>";
		};
		3E4DA6962409BFFD0095C054 /* Utils */ = {
			isa = PBXGroup;
			children = (
				3E53F6E723F5A5B600378EF0 /* SecureStorage.swift */,
				3E4DA6932409BAE30095C054 /* Localization */,
			);
			path = Utils;
			sourceTree = "<group>";
		};
		3E523ED523F31B83007D461B /* UserList */ = {
			isa = PBXGroup;
			children = (
				3E523ED323F1E308007D461B /* UserListTableViewCell.swift */,
				3E523ED123F1DE05007D461B /* UserListView.swift */,
				3E523ED623F31BAC007D461B /* UserListViewModel.swift */,
				3E523EDB23F31D47007D461B /* UserListViewController.swift */,
			);
			path = UserList;
			sourceTree = "<group>";
		};
		3E523ED823F31C85007D461B /* Register */ = {
			isa = PBXGroup;
			children = (
				3E523ECD23F1D0F5007D461B /* CreateUserView.swift */,
				3E523ED923F31CAB007D461B /* CreateUserViewController.swift */,
				3E4DA68D2409B2840095C054 /* CreateUserViewModel.swift */,
			);
			path = Register;
			sourceTree = "<group>";
		};
		3E68F48423F060C700AFD0F2 /* Login */ = {
			isa = PBXGroup;
			children = (
				3E68F48523F060E500AFD0F2 /* LoginView.swift */,
				3E68F48D23F0693600AFD0F2 /* LoginViewController.swift */,
			);
			path = Login;
			sourceTree = "<group>";
		};
		3E68F48723F0638000AFD0F2 /* Extensions */ = {
			isa = PBXGroup;
			children = (
				3E68F48823F0639300AFD0F2 /* UIBarButtonItemExtension.swift */,
				3E68F48A23F066B100AFD0F2 /* UIControlExtension.swift */,
				3E523ECF23F1D941007D461B /* UIViewControllerExtension.swift */,
				3E4DA6912409BAB60095C054 /* StringExtension.swift */,
			);
			path = Extensions;
			sourceTree = "<group>";
		};
		3E68F48C23F0685900AFD0F2 /* Screens */ = {
			isa = PBXGroup;
			children = (
				3E68F48423F060C700AFD0F2 /* Login */,
				3E523ED823F31C85007D461B /* Register */,
				3E523ED523F31B83007D461B /* UserList */,
				3E73727C23EF2B5000E703A5 /* Base */,
			);
			path = Screens;
			sourceTree = "<group>";
		};
		3E73727B23EF2B4400E703A5 /* Components */ = {
			isa = PBXGroup;
			children = (
				3E46590A23FB15CF00747F38 /* Models */,
				3E46590B23FB15DE00747F38 /* Views */,
				3E46590C23FB15ED00747F38 /* ViewControllers */,
			);
			path = Components;
			sourceTree = "<group>";
		};
		3E73727C23EF2B5000E703A5 /* Base */ = {
			isa = PBXGroup;
			children = (
				3E813DC223EC96A00022D836 /* VerificationViewController.swift */,
				3E73727923EF283300E703A5 /* VerificationView.swift */,
				3E502E2D23F80B15003533F4 /* VerificationViewModel.swift */,
			);
			path = Base;
			sourceTree = "<group>";
		};
		3E813DB223EC96A00022D836 = {
			isa = PBXGroup;
			children = (
				3E53F6EC23F5F28500378EF0 /* Locksmith.framework */,
				3E813DBD23EC96A00022D836 /* OneTimePasswordDemo */,
				3E813DD423EC96A20022D836 /* OneTimePasswordDemoTests */,
				3E813DDF23EC96A20022D836 /* OneTimePasswordDemoUITests */,
				3E813DBC23EC96A00022D836 /* Products */,
				3E813DEE23EC9B150022D836 /* Frameworks */,
			);
			sourceTree = "<group>";
		};
		3E813DBC23EC96A00022D836 /* Products */ = {
			isa = PBXGroup;
			children = (
				3E813DBB23EC96A00022D836 /* OneTimePasswordDemo.app */,
				3E813DD123EC96A20022D836 /* OneTimePasswordDemoTests.xctest */,
				3E813DDC23EC96A20022D836 /* OneTimePasswordDemoUITests.xctest */,
			);
			name = Products;
			sourceTree = "<group>";
		};
		3E813DBD23EC96A00022D836 /* OneTimePasswordDemo */ = {
			isa = PBXGroup;
			children = (
				3E53F6E923F5AB2E00378EF0 /* OneTimePasswordDemo.entitlements */,
				3E68F48723F0638000AFD0F2 /* Extensions */,
				3E73727B23EF2B4400E703A5 /* Components */,
				3E68F48C23F0685900AFD0F2 /* Screens */,
				3E4DA6962409BFFD0095C054 /* Utils */,
				3E813DBE23EC96A00022D836 /* AppDelegate.swift */,
				3E813DC023EC96A00022D836 /* SceneDelegate.swift */,
				3E68F48F23F06C0B00AFD0F2 /* Main.storyboard */,
				3E813DC723EC96A10022D836 /* Assets.xcassets */,
				3E813DC923EC96A10022D836 /* LaunchScreen.storyboard */,
				3E813DCC23EC96A20022D836 /* Info.plist */,
			);
			path = OneTimePasswordDemo;
			sourceTree = "<group>";
		};
		3E813DD423EC96A20022D836 /* OneTimePasswordDemoTests */ = {
			isa = PBXGroup;
			children = (
				3E813DD523EC96A20022D836 /* OneTimePasswordDemoTests.swift */,
				3E813DD723EC96A20022D836 /* Info.plist */,
			);
			path = OneTimePasswordDemoTests;
			sourceTree = "<group>";
		};
		3E813DDF23EC96A20022D836 /* OneTimePasswordDemoUITests */ = {
			isa = PBXGroup;
			children = (
				3E813DE023EC96A20022D836 /* OneTimePasswordDemoUITests.swift */,
				3E813DE223EC96A20022D836 /* Info.plist */,
			);
			path = OneTimePasswordDemoUITests;
			sourceTree = "<group>";
		};
		3E813DEE23EC9B150022D836 /* Frameworks */ = {
			isa = PBXGroup;
			children = (
				3E53F6EA23F5F23D00378EF0 /* Locksmith.framework */,
				3E813DEF23EC9B150022D836 /* PureLayout.framework */,
			);
			name = Frameworks;
			sourceTree = "<group>";
		};
/* End PBXGroup section */

/* Begin PBXNativeTarget section */
		3E813DBA23EC96A00022D836 /* OneTimePasswordDemo */ = {
			isa = PBXNativeTarget;
			buildConfigurationList = 3E813DE523EC96A20022D836 /* Build configuration list for PBXNativeTarget "OneTimePasswordDemo" */;
			buildPhases = (
				3E813DB723EC96A00022D836 /* Sources */,
				3E813DB823EC96A00022D836 /* Frameworks */,
				3E813DB923EC96A00022D836 /* Resources */,
				3E813DF223EC9B150022D836 /* Embed Frameworks */,
				3E813DF323EC9B570022D836 /* ShellScript */,
			);
			buildRules = (
			);
			dependencies = (
			);
			name = OneTimePasswordDemo;
			productName = OneTimePasswordDemo;
			productReference = 3E813DBB23EC96A00022D836 /* OneTimePasswordDemo.app */;
			productType = "com.apple.product-type.application";
		};
		3E813DD023EC96A20022D836 /* OneTimePasswordDemoTests */ = {
			isa = PBXNativeTarget;
			buildConfigurationList = 3E813DE823EC96A20022D836 /* Build configuration list for PBXNativeTarget "OneTimePasswordDemoTests" */;
			buildPhases = (
				3E813DCD23EC96A20022D836 /* Sources */,
				3E813DCE23EC96A20022D836 /* Frameworks */,
				3E813DCF23EC96A20022D836 /* Resources */,
			);
			buildRules = (
			);
			dependencies = (
				3E813DD323EC96A20022D836 /* PBXTargetDependency */,
			);
			name = OneTimePasswordDemoTests;
			productName = OneTimePasswordDemoTests;
			productReference = 3E813DD123EC96A20022D836 /* OneTimePasswordDemoTests.xctest */;
			productType = "com.apple.product-type.bundle.unit-test";
		};
		3E813DDB23EC96A20022D836 /* OneTimePasswordDemoUITests */ = {
			isa = PBXNativeTarget;
			buildConfigurationList = 3E813DEB23EC96A20022D836 /* Build configuration list for PBXNativeTarget "OneTimePasswordDemoUITests" */;
			buildPhases = (
				3E813DD823EC96A20022D836 /* Sources */,
				3E813DD923EC96A20022D836 /* Frameworks */,
				3E813DDA23EC96A20022D836 /* Resources */,
			);
			buildRules = (
			);
			dependencies = (
				3E813DDE23EC96A20022D836 /* PBXTargetDependency */,
			);
			name = OneTimePasswordDemoUITests;
			productName = OneTimePasswordDemoUITests;
			productReference = 3E813DDC23EC96A20022D836 /* OneTimePasswordDemoUITests.xctest */;
			productType = "com.apple.product-type.bundle.ui-testing";
		};
/* End PBXNativeTarget section */

/* Begin PBXProject section */
		3E813DB323EC96A00022D836 /* Project object */ = {
			isa = PBXProject;
			attributes = {
				LastSwiftUpdateCheck = 1130;
				LastUpgradeCheck = 1130;
				ORGANIZATIONNAME = "Biro Zsolt";
				TargetAttributes = {
					3E813DBA23EC96A00022D836 = {
						CreatedOnToolsVersion = 11.3.1;
					};
					3E813DD023EC96A20022D836 = {
						CreatedOnToolsVersion = 11.3.1;
						TestTargetID = 3E813DBA23EC96A00022D836;
					};
					3E813DDB23EC96A20022D836 = {
						CreatedOnToolsVersion = 11.3.1;
						TestTargetID = 3E813DBA23EC96A00022D836;
					};
				};
			};
			buildConfigurationList = 3E813DB623EC96A00022D836 /* Build configuration list for PBXProject "OneTimePasswordDemo" */;
			compatibilityVersion = "Xcode 9.3";
			developmentRegion = en;
			hasScannedForEncodings = 0;
			knownRegions = (
				en,
				Base,
			);
			mainGroup = 3E813DB223EC96A00022D836;
			productRefGroup = 3E813DBC23EC96A00022D836 /* Products */;
			projectDirPath = "";
			projectRoot = "";
			targets = (
				3E813DBA23EC96A00022D836 /* OneTimePasswordDemo */,
				3E813DD023EC96A20022D836 /* OneTimePasswordDemoTests */,
				3E813DDB23EC96A20022D836 /* OneTimePasswordDemoUITests */,
			);
		};
/* End PBXProject section */

/* Begin PBXResourcesBuildPhase section */
		3E813DB923EC96A00022D836 /* Resources */ = {
			isa = PBXResourcesBuildPhase;
			buildActionMask = 2147483647;
			files = (
				3E68F49023F06C0B00AFD0F2 /* Main.storyboard in Resources */,
				3E4DA6902409B72B0095C054 /* Localizable.strings in Resources */,
				3E813DCB23EC96A10022D836 /* LaunchScreen.storyboard in Resources */,
				3E813DC823EC96A10022D836 /* Assets.xcassets in Resources */,
			);
			runOnlyForDeploymentPostprocessing = 0;
		};
		3E813DCF23EC96A20022D836 /* Resources */ = {
			isa = PBXResourcesBuildPhase;
			buildActionMask = 2147483647;
			files = (
			);
			runOnlyForDeploymentPostprocessing = 0;
		};
		3E813DDA23EC96A20022D836 /* Resources */ = {
			isa = PBXResourcesBuildPhase;
			buildActionMask = 2147483647;
			files = (
			);
			runOnlyForDeploymentPostprocessing = 0;
		};
/* End PBXResourcesBuildPhase section */

/* Begin PBXShellScriptBuildPhase section */
		3E813DF323EC9B570022D836 /* ShellScript */ = {
			isa = PBXShellScriptBuildPhase;
			buildActionMask = 2147483647;
			files = (
			);
			inputFileListPaths = (
			);
			inputPaths = (
				"$(SRCROOT)/Carthage/Build/iOS/PureLayout.framework",
			);
			outputFileListPaths = (
			);
			outputPaths = (
			);
			runOnlyForDeploymentPostprocessing = 0;
			shellPath = /bin/sh;
			shellScript = "/usr/local/bin/carthage copy-frameworks\n\nif which swiftlint >/dev/null; then\n  swiftlint\nelse\n  echo \"warning: SwiftLint not installed, download from https://github.com/realm/SwiftLint\"\nfi\n";
		};
/* End PBXShellScriptBuildPhase section */

/* Begin PBXSourcesBuildPhase section */
		3E813DB723EC96A00022D836 /* Sources */ = {
			isa = PBXSourcesBuildPhase;
			buildActionMask = 2147483647;
			files = (
				3E53B6AF23FEF9D4000D6293 /* CoordinateModel.swift in Sources */,
				3E523ECE23F1D0F5007D461B /* CreateUserView.swift in Sources */,
				3E68F48E23F0693600AFD0F2 /* LoginViewController.swift in Sources */,
				3E68F48623F060E500AFD0F2 /* LoginView.swift in Sources */,
				3E73727E23EF2B7900E703A5 /* CanvasView.swift in Sources */,
				3E4DA6922409BAB60095C054 /* StringExtension.swift in Sources */,
				3E502E3223F81808003533F4 /* BaseViewController.swift in Sources */,
				3E53B6AD23FEF88A000D6293 /* Coordinate.swift in Sources */,
				3E523EDC23F31D47007D461B /* UserListViewController.swift in Sources */,
				3E502E2E23F80B15003533F4 /* VerificationViewModel.swift in Sources */,
				3E46590723FB03D800747F38 /* BaseNavigationController.swift in Sources */,
				3E813DC323EC96A00022D836 /* VerificationViewController.swift in Sources */,
				3E46590923FB145C00747F38 /* UserModel.swift in Sources */,
				3E523ED423F1E308007D461B /* UserListTableViewCell.swift in Sources */,
				3E523ED723F31BAC007D461B /* UserListViewModel.swift in Sources */,
				3E813DBF23EC96A00022D836 /* AppDelegate.swift in Sources */,
				3E4DA68E2409B2840095C054 /* CreateUserViewModel.swift in Sources */,
				3E5677ED240125A1003E8ED0 /* TimeSerieModel.swift in Sources */,
				3E68F48923F0639300AFD0F2 /* UIBarButtonItemExtension.swift in Sources */,
				3E523ED023F1D941007D461B /* UIViewControllerExtension.swift in Sources */,
				3E523EDA23F31CAB007D461B /* CreateUserViewController.swift in Sources */,
				3E53F6E823F5A5B600378EF0 /* SecureStorage.swift in Sources */,
				3E813DC123EC96A00022D836 /* SceneDelegate.swift in Sources */,
				3E73727A23EF283300E703A5 /* VerificationView.swift in Sources */,
				3E4DA68C2406E30D0095C054 /* ExtendedCoordinate.swift in Sources */,
				3E68F48B23F066B100AFD0F2 /* UIControlExtension.swift in Sources */,
				3E4DA6952409BB2A0095C054 /* LocalizationKeys.swift in Sources */,
				3E523ED223F1DE05007D461B /* UserListView.swift in Sources */,
			);
			runOnlyForDeploymentPostprocessing = 0;
		};
		3E813DCD23EC96A20022D836 /* Sources */ = {
			isa = PBXSourcesBuildPhase;
			buildActionMask = 2147483647;
			files = (
				3E813DD623EC96A20022D836 /* OneTimePasswordDemoTests.swift in Sources */,
			);
			runOnlyForDeploymentPostprocessing = 0;
		};
		3E813DD823EC96A20022D836 /* Sources */ = {
			isa = PBXSourcesBuildPhase;
			buildActionMask = 2147483647;
			files = (
				3E813DE123EC96A20022D836 /* OneTimePasswordDemoUITests.swift in Sources */,
			);
			runOnlyForDeploymentPostprocessing = 0;
		};
/* End PBXSourcesBuildPhase section */

/* Begin PBXTargetDependency section */
		3E813DD323EC96A20022D836 /* PBXTargetDependency */ = {
			isa = PBXTargetDependency;
			target = 3E813DBA23EC96A00022D836 /* OneTimePasswordDemo */;
			targetProxy = 3E813DD223EC96A20022D836 /* PBXContainerItemProxy */;
		};
		3E813DDE23EC96A20022D836 /* PBXTargetDependency */ = {
			isa = PBXTargetDependency;
			target = 3E813DBA23EC96A00022D836 /* OneTimePasswordDemo */;
			targetProxy = 3E813DDD23EC96A20022D836 /* PBXContainerItemProxy */;
		};
/* End PBXTargetDependency section */

/* Begin PBXVariantGroup section */
		3E813DC923EC96A10022D836 /* LaunchScreen.storyboard */ = {
			isa = PBXVariantGroup;
			children = (
				3E813DCA23EC96A10022D836 /* Base */,
			);
			name = LaunchScreen.storyboard;
			sourceTree = "<group>";
		};
/* End PBXVariantGroup section */

/* Begin XCBuildConfiguration section */
		3E813DE323EC96A20022D836 /* Debug */ = {
			isa = XCBuildConfiguration;
			buildSettings = {
				ALWAYS_SEARCH_USER_PATHS = NO;
				CLANG_ANALYZER_NONNULL = YES;
				CLANG_ANALYZER_NUMBER_OBJECT_CONVERSION = YES_AGGRESSIVE;
				CLANG_CXX_LANGUAGE_STANDARD = "gnu++14";
				CLANG_CXX_LIBRARY = "libc++";
				CLANG_ENABLE_MODULES = YES;
				CLANG_ENABLE_OBJC_ARC = YES;
				CLANG_ENABLE_OBJC_WEAK = YES;
				CLANG_WARN_BLOCK_CAPTURE_AUTORELEASING = YES;
				CLANG_WARN_BOOL_CONVERSION = YES;
				CLANG_WARN_COMMA = YES;
				CLANG_WARN_CONSTANT_CONVERSION = YES;
				CLANG_WARN_DEPRECATED_OBJC_IMPLEMENTATIONS = YES;
				CLANG_WARN_DIRECT_OBJC_ISA_USAGE = YES_ERROR;
				CLANG_WARN_DOCUMENTATION_COMMENTS = YES;
				CLANG_WARN_EMPTY_BODY = YES;
				CLANG_WARN_ENUM_CONVERSION = YES;
				CLANG_WARN_INFINITE_RECURSION = YES;
				CLANG_WARN_INT_CONVERSION = YES;
				CLANG_WARN_NON_LITERAL_NULL_CONVERSION = YES;
				CLANG_WARN_OBJC_IMPLICIT_RETAIN_SELF = YES;
				CLANG_WARN_OBJC_LITERAL_CONVERSION = YES;
				CLANG_WARN_OBJC_ROOT_CLASS = YES_ERROR;
				CLANG_WARN_RANGE_LOOP_ANALYSIS = YES;
				CLANG_WARN_STRICT_PROTOTYPES = YES;
				CLANG_WARN_SUSPICIOUS_MOVE = YES;
				CLANG_WARN_UNGUARDED_AVAILABILITY = YES_AGGRESSIVE;
				CLANG_WARN_UNREACHABLE_CODE = YES;
				CLANG_WARN__DUPLICATE_METHOD_MATCH = YES;
				COPY_PHASE_STRIP = NO;
				DEBUG_INFORMATION_FORMAT = dwarf;
				ENABLE_STRICT_OBJC_MSGSEND = YES;
				ENABLE_TESTABILITY = YES;
				GCC_C_LANGUAGE_STANDARD = gnu11;
				GCC_DYNAMIC_NO_PIC = NO;
				GCC_NO_COMMON_BLOCKS = YES;
				GCC_OPTIMIZATION_LEVEL = 0;
				GCC_PREPROCESSOR_DEFINITIONS = (
					"DEBUG=1",
					"$(inherited)",
				);
				GCC_WARN_64_TO_32_BIT_CONVERSION = YES;
				GCC_WARN_ABOUT_RETURN_TYPE = YES_ERROR;
				GCC_WARN_UNDECLARED_SELECTOR = YES;
				GCC_WARN_UNINITIALIZED_AUTOS = YES_AGGRESSIVE;
				GCC_WARN_UNUSED_FUNCTION = YES;
				GCC_WARN_UNUSED_VARIABLE = YES;
				IPHONEOS_DEPLOYMENT_TARGET = 13.0;
				MTL_ENABLE_DEBUG_INFO = INCLUDE_SOURCE;
				MTL_FAST_MATH = YES;
				ONLY_ACTIVE_ARCH = YES;
				SDKROOT = iphoneos;
				SWIFT_ACTIVE_COMPILATION_CONDITIONS = DEBUG;
				SWIFT_OPTIMIZATION_LEVEL = "-Onone";
				SWIFT_VERSION = 5.0;
			};
			name = Debug;
		};
		3E813DE423EC96A20022D836 /* Release */ = {
			isa = XCBuildConfiguration;
			buildSettings = {
				ALWAYS_SEARCH_USER_PATHS = NO;
				CLANG_ANALYZER_NONNULL = YES;
				CLANG_ANALYZER_NUMBER_OBJECT_CONVERSION = YES_AGGRESSIVE;
				CLANG_CXX_LANGUAGE_STANDARD = "gnu++14";
				CLANG_CXX_LIBRARY = "libc++";
				CLANG_ENABLE_MODULES = YES;
				CLANG_ENABLE_OBJC_ARC = YES;
				CLANG_ENABLE_OBJC_WEAK = YES;
				CLANG_WARN_BLOCK_CAPTURE_AUTORELEASING = YES;
				CLANG_WARN_BOOL_CONVERSION = YES;
				CLANG_WARN_COMMA = YES;
				CLANG_WARN_CONSTANT_CONVERSION = YES;
				CLANG_WARN_DEPRECATED_OBJC_IMPLEMENTATIONS = YES;
				CLANG_WARN_DIRECT_OBJC_ISA_USAGE = YES_ERROR;
				CLANG_WARN_DOCUMENTATION_COMMENTS = YES;
				CLANG_WARN_EMPTY_BODY = YES;
				CLANG_WARN_ENUM_CONVERSION = YES;
				CLANG_WARN_INFINITE_RECURSION = YES;
				CLANG_WARN_INT_CONVERSION = YES;
				CLANG_WARN_NON_LITERAL_NULL_CONVERSION = YES;
				CLANG_WARN_OBJC_IMPLICIT_RETAIN_SELF = YES;
				CLANG_WARN_OBJC_LITERAL_CONVERSION = YES;
				CLANG_WARN_OBJC_ROOT_CLASS = YES_ERROR;
				CLANG_WARN_RANGE_LOOP_ANALYSIS = YES;
				CLANG_WARN_STRICT_PROTOTYPES = YES;
				CLANG_WARN_SUSPICIOUS_MOVE = YES;
				CLANG_WARN_UNGUARDED_AVAILABILITY = YES_AGGRESSIVE;
				CLANG_WARN_UNREACHABLE_CODE = YES;
				CLANG_WARN__DUPLICATE_METHOD_MATCH = YES;
				COPY_PHASE_STRIP = NO;
				DEBUG_INFORMATION_FORMAT = "dwarf-with-dsym";
				ENABLE_NS_ASSERTIONS = NO;
				ENABLE_STRICT_OBJC_MSGSEND = YES;
				GCC_C_LANGUAGE_STANDARD = gnu11;
				GCC_NO_COMMON_BLOCKS = YES;
				GCC_WARN_64_TO_32_BIT_CONVERSION = YES;
				GCC_WARN_ABOUT_RETURN_TYPE = YES_ERROR;
				GCC_WARN_UNDECLARED_SELECTOR = YES;
				GCC_WARN_UNINITIALIZED_AUTOS = YES_AGGRESSIVE;
				GCC_WARN_UNUSED_FUNCTION = YES;
				GCC_WARN_UNUSED_VARIABLE = YES;
				IPHONEOS_DEPLOYMENT_TARGET = 13.0;
				MTL_ENABLE_DEBUG_INFO = NO;
				MTL_FAST_MATH = YES;
				SDKROOT = iphoneos;
				SWIFT_COMPILATION_MODE = wholemodule;
				SWIFT_OPTIMIZATION_LEVEL = "-O";
				SWIFT_VERSION = 5.0;
				VALIDATE_PRODUCT = YES;
			};
			name = Release;
		};
		3E813DE623EC96A20022D836 /* Debug */ = {
			isa = XCBuildConfiguration;
			buildSettings = {
				ASSETCATALOG_COMPILER_APPICON_NAME = AppIcon;
				CODE_SIGN_ENTITLEMENTS = OneTimePasswordDemo/OneTimePasswordDemo.entitlements;
				CODE_SIGN_STYLE = Automatic;
				DEVELOPMENT_TEAM = 9L2TPWUVEQ;
				FRAMEWORK_SEARCH_PATHS = (
					"$(inherited)",
					"$(PROJECT_DIR)/Carthage/Build/iOS",
				);
				INFOPLIST_FILE = OneTimePasswordDemo/Info.plist;
				LD_RUNPATH_SEARCH_PATHS = (
					"$(inherited)",
					"@executable_path/Frameworks",
				);
				PRODUCT_BUNDLE_IDENTIFIER = com.zsolt.biro.OneTimePasswordDemo;
				PRODUCT_NAME = "$(TARGET_NAME)";
				SWIFT_VERSION = 5.0;
				TARGETED_DEVICE_FAMILY = "1,2";
			};
			name = Debug;
		};
		3E813DE723EC96A20022D836 /* Release */ = {
			isa = XCBuildConfiguration;
			buildSettings = {
				ASSETCATALOG_COMPILER_APPICON_NAME = AppIcon;
				CODE_SIGN_ENTITLEMENTS = OneTimePasswordDemo/OneTimePasswordDemo.entitlements;
				CODE_SIGN_STYLE = Automatic;
				DEVELOPMENT_TEAM = 9L2TPWUVEQ;
				FRAMEWORK_SEARCH_PATHS = (
					"$(inherited)",
					"$(PROJECT_DIR)/Carthage/Build/iOS",
				);
				INFOPLIST_FILE = OneTimePasswordDemo/Info.plist;
				LD_RUNPATH_SEARCH_PATHS = (
					"$(inherited)",
					"@executable_path/Frameworks",
				);
				PRODUCT_BUNDLE_IDENTIFIER = com.zsolt.biro.OneTimePasswordDemo;
				PRODUCT_NAME = "$(TARGET_NAME)";
				SWIFT_VERSION = 5.0;
				TARGETED_DEVICE_FAMILY = "1,2";
			};
			name = Release;
		};
		3E813DE923EC96A20022D836 /* Debug */ = {
			isa = XCBuildConfiguration;
			buildSettings = {
				ALWAYS_EMBED_SWIFT_STANDARD_LIBRARIES = YES;
				BUNDLE_LOADER = "$(TEST_HOST)";
				CODE_SIGN_STYLE = Automatic;
				DEVELOPMENT_TEAM = 9L2TPWUVEQ;
				INFOPLIST_FILE = OneTimePasswordDemoTests/Info.plist;
				IPHONEOS_DEPLOYMENT_TARGET = 13.2;
				LD_RUNPATH_SEARCH_PATHS = (
					"$(inherited)",
					"@executable_path/Frameworks",
					"@loader_path/Frameworks",
				);
				PRODUCT_BUNDLE_IDENTIFIER = com.zsolt.biro.OneTimePasswordDemoTests;
				PRODUCT_NAME = "$(TARGET_NAME)";
				SWIFT_VERSION = 5.0;
				TARGETED_DEVICE_FAMILY = "1,2";
				TEST_HOST = "$(BUILT_PRODUCTS_DIR)/OneTimePasswordDemo.app/OneTimePasswordDemo";
			};
			name = Debug;
		};
		3E813DEA23EC96A20022D836 /* Release */ = {
			isa = XCBuildConfiguration;
			buildSettings = {
				ALWAYS_EMBED_SWIFT_STANDARD_LIBRARIES = YES;
				BUNDLE_LOADER = "$(TEST_HOST)";
				CODE_SIGN_STYLE = Automatic;
				DEVELOPMENT_TEAM = 9L2TPWUVEQ;
				INFOPLIST_FILE = OneTimePasswordDemoTests/Info.plist;
				IPHONEOS_DEPLOYMENT_TARGET = 13.2;
				LD_RUNPATH_SEARCH_PATHS = (
					"$(inherited)",
					"@executable_path/Frameworks",
					"@loader_path/Frameworks",
				);
				PRODUCT_BUNDLE_IDENTIFIER = com.zsolt.biro.OneTimePasswordDemoTests;
				PRODUCT_NAME = "$(TARGET_NAME)";
				SWIFT_VERSION = 5.0;
				TARGETED_DEVICE_FAMILY = "1,2";
				TEST_HOST = "$(BUILT_PRODUCTS_DIR)/OneTimePasswordDemo.app/OneTimePasswordDemo";
			};
			name = Release;
		};
		3E813DEC23EC96A20022D836 /* Debug */ = {
			isa = XCBuildConfiguration;
			buildSettings = {
				ALWAYS_EMBED_SWIFT_STANDARD_LIBRARIES = YES;
				CODE_SIGN_STYLE = Automatic;
				DEVELOPMENT_TEAM = 9L2TPWUVEQ;
				INFOPLIST_FILE = OneTimePasswordDemoUITests/Info.plist;
				LD_RUNPATH_SEARCH_PATHS = (
					"$(inherited)",
					"@executable_path/Frameworks",
					"@loader_path/Frameworks",
				);
				PRODUCT_BUNDLE_IDENTIFIER = com.zsolt.biro.OneTimePasswordDemoUITests;
				PRODUCT_NAME = "$(TARGET_NAME)";
				SWIFT_VERSION = 5.0;
				TARGETED_DEVICE_FAMILY = "1,2";
				TEST_TARGET_NAME = OneTimePasswordDemo;
			};
			name = Debug;
		};
		3E813DED23EC96A20022D836 /* Release */ = {
			isa = XCBuildConfiguration;
			buildSettings = {
				ALWAYS_EMBED_SWIFT_STANDARD_LIBRARIES = YES;
				CODE_SIGN_STYLE = Automatic;
				DEVELOPMENT_TEAM = 9L2TPWUVEQ;
				INFOPLIST_FILE = OneTimePasswordDemoUITests/Info.plist;
				LD_RUNPATH_SEARCH_PATHS = (
					"$(inherited)",
					"@executable_path/Frameworks",
					"@loader_path/Frameworks",
				);
				PRODUCT_BUNDLE_IDENTIFIER = com.zsolt.biro.OneTimePasswordDemoUITests;
				PRODUCT_NAME = "$(TARGET_NAME)";
				SWIFT_VERSION = 5.0;
				TARGETED_DEVICE_FAMILY = "1,2";
				TEST_TARGET_NAME = OneTimePasswordDemo;
			};
			name = Release;
		};
/* End XCBuildConfiguration section */

/* Begin XCConfigurationList section */
		3E813DB623EC96A00022D836 /* Build configuration list for PBXProject "OneTimePasswordDemo" */ = {
			isa = XCConfigurationList;
			buildConfigurations = (
				3E813DE323EC96A20022D836 /* Debug */,
				3E813DE423EC96A20022D836 /* Release */,
			);
			defaultConfigurationIsVisible = 0;
			defaultConfigurationName = Release;
		};
		3E813DE523EC96A20022D836 /* Build configuration list for PBXNativeTarget "OneTimePasswordDemo" */ = {
			isa = XCConfigurationList;
			buildConfigurations = (
				3E813DE623EC96A20022D836 /* Debug */,
				3E813DE723EC96A20022D836 /* Release */,
			);
			defaultConfigurationIsVisible = 0;
			defaultConfigurationName = Release;
		};
		3E813DE823EC96A20022D836 /* Build configuration list for PBXNativeTarget "OneTimePasswordDemoTests" */ = {
			isa = XCConfigurationList;
			buildConfigurations = (
				3E813DE923EC96A20022D836 /* Debug */,
				3E813DEA23EC96A20022D836 /* Release */,
			);
			defaultConfigurationIsVisible = 0;
			defaultConfigurationName = Release;
		};
		3E813DEB23EC96A20022D836 /* Build configuration list for PBXNativeTarget "OneTimePasswordDemoUITests" */ = {
			isa = XCConfigurationList;
			buildConfigurations = (
				3E813DEC23EC96A20022D836 /* Debug */,
				3E813DED23EC96A20022D836 /* Release */,
			);
			defaultConfigurationIsVisible = 0;
			defaultConfigurationName = Release;
		};
/* End XCConfigurationList section */
	};
	rootObject = 3E813DB323EC96A00022D836 /* Project object */;
}
