// !$*UTF8*$!
{
	archiveVersion = 1;
	classes = {
	};
	objectVersion = 50;
	objects = {

/* Begin PBXBuildFile section */
		3E813D8323EC7EA40022D836 /* AppDelegate.swift in Sources */ = {isa = PBXBuildFile; fileRef = 3E813D8223EC7EA40022D836 /* AppDelegate.swift */; };
		3E813D8523EC7EA40022D836 /* SceneDelegate.swift in Sources */ = {isa = PBXBuildFile; fileRef = 3E813D8423EC7EA40022D836 /* SceneDelegate.swift */; };
		3E813D8723EC7EA40022D836 /* ContentView.swift in Sources */ = {isa = PBXBuildFile; fileRef = 3E813D8623EC7EA40022D836 /* ContentView.swift */; };
		3E813D8923EC7EA60022D836 /* Assets.xcassets in Resources */ = {isa = PBXBuildFile; fileRef = 3E813D8823EC7EA60022D836 /* Assets.xcassets */; };
		3E813D8C23EC7EA60022D836 /* Preview Assets.xcassets in Resources */ = {isa = PBXBuildFile; fileRef = 3E813D8B23EC7EA60022D836 /* Preview Assets.xcassets */; };
		3E813D8F23EC7EA60022D836 /* LaunchScreen.storyboard in Resources */ = {isa = PBXBuildFile; fileRef = 3E813D8D23EC7EA60022D836 /* LaunchScreen.storyboard */; };
		3E813D9A23EC7EA60022D836 /* OneTimePasswordTests.swift in Sources */ = {isa = PBXBuildFile; fileRef = 3E813D9923EC7EA60022D836 /* OneTimePasswordTests.swift */; };
		3E813DA523EC7EA60022D836 /* OneTimePasswordUITests.swift in Sources */ = {isa = PBXBuildFile; fileRef = 3E813DA423EC7EA60022D836 /* OneTimePasswordUITests.swift */; };
/* End PBXBuildFile section */

/* Begin PBXContainerItemProxy section */
		3E813D9623EC7EA60022D836 /* PBXContainerItemProxy */ = {
			isa = PBXContainerItemProxy;
			containerPortal = 3E813D7723EC7EA40022D836 /* Project object */;
			proxyType = 1;
			remoteGlobalIDString = 3E813D7E23EC7EA40022D836;
			remoteInfo = OneTimePassword;
		};
		3E813DA123EC7EA60022D836 /* PBXContainerItemProxy */ = {
			isa = PBXContainerItemProxy;
			containerPortal = 3E813D7723EC7EA40022D836 /* Project object */;
			proxyType = 1;
			remoteGlobalIDString = 3E813D7E23EC7EA40022D836;
			remoteInfo = OneTimePassword;
		};
/* End PBXContainerItemProxy section */

/* Begin PBXFileReference section */
		3E813D7F23EC7EA40022D836 /* OneTimePassword.app */ = {isa = PBXFileReference; explicitFileType = wrapper.application; includeInIndex = 0; path = OneTimePassword.app; sourceTree = BUILT_PRODUCTS_DIR; };
		3E813D8223EC7EA40022D836 /* AppDelegate.swift */ = {isa = PBXFileReference; lastKnownFileType = sourcecode.swift; path = AppDelegate.swift; sourceTree = "<group>"; };
		3E813D8423EC7EA40022D836 /* SceneDelegate.swift */ = {isa = PBXFileReference; lastKnownFileType = sourcecode.swift; path = SceneDelegate.swift; sourceTree = "<group>"; };
		3E813D8623EC7EA40022D836 /* ContentView.swift */ = {isa = PBXFileReference; lastKnownFileType = sourcecode.swift; path = ContentView.swift; sourceTree = "<group>"; };
		3E813D8823EC7EA60022D836 /* Assets.xcassets */ = {isa = PBXFileReference; lastKnownFileType = folder.assetcatalog; path = Assets.xcassets; sourceTree = "<group>"; };
		3E813D8B23EC7EA60022D836 /* Preview Assets.xcassets */ = {isa = PBXFileReference; lastKnownFileType = folder.assetcatalog; path = "Preview Assets.xcassets"; sourceTree = "<group>"; };
		3E813D8E23EC7EA60022D836 /* Base */ = {isa = PBXFileReference; lastKnownFileType = file.storyboard; name = Base; path = Base.lproj/LaunchScreen.storyboard; sourceTree = "<group>"; };
		3E813D9023EC7EA60022D836 /* Info.plist */ = {isa = PBXFileReference; lastKnownFileType = text.plist.xml; path = Info.plist; sourceTree = "<group>"; };
		3E813D9523EC7EA60022D836 /* OneTimePasswordTests.xctest */ = {isa = PBXFileReference; explicitFileType = wrapper.cfbundle; includeInIndex = 0; path = OneTimePasswordTests.xctest; sourceTree = BUILT_PRODUCTS_DIR; };
		3E813D9923EC7EA60022D836 /* OneTimePasswordTests.swift */ = {isa = PBXFileReference; lastKnownFileType = sourcecode.swift; path = OneTimePasswordTests.swift; sourceTree = "<group>"; };
		3E813D9B23EC7EA60022D836 /* Info.plist */ = {isa = PBXFileReference; lastKnownFileType = text.plist.xml; path = Info.plist; sourceTree = "<group>"; };
		3E813DA023EC7EA60022D836 /* OneTimePasswordUITests.xctest */ = {isa = PBXFileReference; explicitFileType = wrapper.cfbundle; includeInIndex = 0; path = OneTimePasswordUITests.xctest; sourceTree = BUILT_PRODUCTS_DIR; };
		3E813DA423EC7EA60022D836 /* OneTimePasswordUITests.swift */ = {isa = PBXFileReference; lastKnownFileType = sourcecode.swift; path = OneTimePasswordUITests.swift; sourceTree = "<group>"; };
		3E813DA623EC7EA60022D836 /* Info.plist */ = {isa = PBXFileReference; lastKnownFileType = text.plist.xml; path = Info.plist; sourceTree = "<group>"; };
/* End PBXFileReference section */

/* Begin PBXFrameworksBuildPhase section */
		3E813D7C23EC7EA40022D836 /* Frameworks */ = {
			isa = PBXFrameworksBuildPhase;
			buildActionMask = 2147483647;
			files = (
			);
			runOnlyForDeploymentPostprocessing = 0;
		};
		3E813D9223EC7EA60022D836 /* Frameworks */ = {
			isa = PBXFrameworksBuildPhase;
			buildActionMask = 2147483647;
			files = (
			);
			runOnlyForDeploymentPostprocessing = 0;
		};
		3E813D9D23EC7EA60022D836 /* Frameworks */ = {
			isa = PBXFrameworksBuildPhase;
			buildActionMask = 2147483647;
			files = (
			);
			runOnlyForDeploymentPostprocessing = 0;
		};
/* End PBXFrameworksBuildPhase section */

/* Begin PBXGroup section */
		3E813D7623EC7EA40022D836 = {
			isa = PBXGroup;
			children = (
				3E813D8123EC7EA40022D836 /* OneTimePassword */,
				3E813D9823EC7EA60022D836 /* OneTimePasswordTests */,
				3E813DA323EC7EA60022D836 /* OneTimePasswordUITests */,
				3E813D8023EC7EA40022D836 /* Products */,
			);
			sourceTree = "<group>";
		};
		3E813D8023EC7EA40022D836 /* Products */ = {
			isa = PBXGroup;
			children = (
				3E813D7F23EC7EA40022D836 /* OneTimePassword.app */,
				3E813D9523EC7EA60022D836 /* OneTimePasswordTests.xctest */,
				3E813DA023EC7EA60022D836 /* OneTimePasswordUITests.xctest */,
			);
			name = Products;
			sourceTree = "<group>";
		};
		3E813D8123EC7EA40022D836 /* OneTimePassword */ = {
			isa = PBXGroup;
			children = (
				3E813D8223EC7EA40022D836 /* AppDelegate.swift */,
				3E813D8423EC7EA40022D836 /* SceneDelegate.swift */,
				3E813D8623EC7EA40022D836 /* ContentView.swift */,
				3E813D8823EC7EA60022D836 /* Assets.xcassets */,
				3E813D8D23EC7EA60022D836 /* LaunchScreen.storyboard */,
				3E813D9023EC7EA60022D836 /* Info.plist */,
				3E813D8A23EC7EA60022D836 /* Preview Content */,
			);
			path = OneTimePassword;
			sourceTree = "<group>";
		};
		3E813D8A23EC7EA60022D836 /* Preview Content */ = {
			isa = PBXGroup;
			children = (
				3E813D8B23EC7EA60022D836 /* Preview Assets.xcassets */,
			);
			path = "Preview Content";
			sourceTree = "<group>";
		};
		3E813D9823EC7EA60022D836 /* OneTimePasswordTests */ = {
			isa = PBXGroup;
			children = (
				3E813D9923EC7EA60022D836 /* OneTimePasswordTests.swift */,
				3E813D9B23EC7EA60022D836 /* Info.plist */,
			);
			path = OneTimePasswordTests;
			sourceTree = "<group>";
		};
		3E813DA323EC7EA60022D836 /* OneTimePasswordUITests */ = {
			isa = PBXGroup;
			children = (
				3E813DA423EC7EA60022D836 /* OneTimePasswordUITests.swift */,
				3E813DA623EC7EA60022D836 /* Info.plist */,
			);
			path = OneTimePasswordUITests;
			sourceTree = "<group>";
		};
/* End PBXGroup section */

/* Begin PBXNativeTarget section */
		3E813D7E23EC7EA40022D836 /* OneTimePassword */ = {
			isa = PBXNativeTarget;
			buildConfigurationList = 3E813DA923EC7EA60022D836 /* Build configuration list for PBXNativeTarget "OneTimePassword" */;
			buildPhases = (
				3E813D7B23EC7EA40022D836 /* Sources */,
				3E813D7C23EC7EA40022D836 /* Frameworks */,
				3E813D7D23EC7EA40022D836 /* Resources */,
			);
			buildRules = (
			);
			dependencies = (
			);
			name = OneTimePassword;
			productName = OneTimePassword;
			productReference = 3E813D7F23EC7EA40022D836 /* OneTimePassword.app */;
			productType = "com.apple.product-type.application";
		};
		3E813D9423EC7EA60022D836 /* OneTimePasswordTests */ = {
			isa = PBXNativeTarget;
			buildConfigurationList = 3E813DAC23EC7EA60022D836 /* Build configuration list for PBXNativeTarget "OneTimePasswordTests" */;
			buildPhases = (
				3E813D9123EC7EA60022D836 /* Sources */,
				3E813D9223EC7EA60022D836 /* Frameworks */,
				3E813D9323EC7EA60022D836 /* Resources */,
			);
			buildRules = (
			);
			dependencies = (
				3E813D9723EC7EA60022D836 /* PBXTargetDependency */,
			);
			name = OneTimePasswordTests;
			productName = OneTimePasswordTests;
			productReference = 3E813D9523EC7EA60022D836 /* OneTimePasswordTests.xctest */;
			productType = "com.apple.product-type.bundle.unit-test";
		};
		3E813D9F23EC7EA60022D836 /* OneTimePasswordUITests */ = {
			isa = PBXNativeTarget;
			buildConfigurationList = 3E813DAF23EC7EA60022D836 /* Build configuration list for PBXNativeTarget "OneTimePasswordUITests" */;
			buildPhases = (
				3E813D9C23EC7EA60022D836 /* Sources */,
				3E813D9D23EC7EA60022D836 /* Frameworks */,
				3E813D9E23EC7EA60022D836 /* Resources */,
			);
			buildRules = (
			);
			dependencies = (
				3E813DA223EC7EA60022D836 /* PBXTargetDependency */,
			);
			name = OneTimePasswordUITests;
			productName = OneTimePasswordUITests;
			productReference = 3E813DA023EC7EA60022D836 /* OneTimePasswordUITests.xctest */;
			productType = "com.apple.product-type.bundle.ui-testing";
		};
/* End PBXNativeTarget section */

/* Begin PBXProject section */
		3E813D7723EC7EA40022D836 /* Project object */ = {
			isa = PBXProject;
			attributes = {
				LastSwiftUpdateCheck = 1130;
				LastUpgradeCheck = 1130;
				ORGANIZATIONNAME = "Biro Zsolt";
				TargetAttributes = {
					3E813D7E23EC7EA40022D836 = {
						CreatedOnToolsVersion = 11.3.1;
					};
					3E813D9423EC7EA60022D836 = {
						CreatedOnToolsVersion = 11.3.1;
						TestTargetID = 3E813D7E23EC7EA40022D836;
					};
					3E813D9F23EC7EA60022D836 = {
						CreatedOnToolsVersion = 11.3.1;
						TestTargetID = 3E813D7E23EC7EA40022D836;
					};
				};
			};
			buildConfigurationList = 3E813D7A23EC7EA40022D836 /* Build configuration list for PBXProject "OneTimePassword" */;
			compatibilityVersion = "Xcode 9.3";
			developmentRegion = en;
			hasScannedForEncodings = 0;
			knownRegions = (
				en,
				Base,
			);
			mainGroup = 3E813D7623EC7EA40022D836;
			productRefGroup = 3E813D8023EC7EA40022D836 /* Products */;
			projectDirPath = "";
			projectRoot = "";
			targets = (
				3E813D7E23EC7EA40022D836 /* OneTimePassword */,
				3E813D9423EC7EA60022D836 /* OneTimePasswordTests */,
				3E813D9F23EC7EA60022D836 /* OneTimePasswordUITests */,
			);
		};
/* End PBXProject section */

/* Begin PBXResourcesBuildPhase section */
		3E813D7D23EC7EA40022D836 /* Resources */ = {
			isa = PBXResourcesBuildPhase;
			buildActionMask = 2147483647;
			files = (
				3E813D8F23EC7EA60022D836 /* LaunchScreen.storyboard in Resources */,
				3E813D8C23EC7EA60022D836 /* Preview Assets.xcassets in Resources */,
				3E813D8923EC7EA60022D836 /* Assets.xcassets in Resources */,
			);
			runOnlyForDeploymentPostprocessing = 0;
		};
		3E813D9323EC7EA60022D836 /* Resources */ = {
			isa = PBXResourcesBuildPhase;
			buildActionMask = 2147483647;
			files = (
			);
			runOnlyForDeploymentPostprocessing = 0;
		};
		3E813D9E23EC7EA60022D836 /* Resources */ = {
			isa = PBXResourcesBuildPhase;
			buildActionMask = 2147483647;
			files = (
			);
			runOnlyForDeploymentPostprocessing = 0;
		};
/* End PBXResourcesBuildPhase section */

/* Begin PBXSourcesBuildPhase section */
		3E813D7B23EC7EA40022D836 /* Sources */ = {
			isa = PBXSourcesBuildPhase;
			buildActionMask = 2147483647;
			files = (
				3E813D8323EC7EA40022D836 /* AppDelegate.swift in Sources */,
				3E813D8523EC7EA40022D836 /* SceneDelegate.swift in Sources */,
				3E813D8723EC7EA40022D836 /* ContentView.swift in Sources */,
			);
			runOnlyForDeploymentPostprocessing = 0;
		};
		3E813D9123EC7EA60022D836 /* Sources */ = {
			isa = PBXSourcesBuildPhase;
			buildActionMask = 2147483647;
			files = (
				3E813D9A23EC7EA60022D836 /* OneTimePasswordTests.swift in Sources */,
			);
			runOnlyForDeploymentPostprocessing = 0;
		};
		3E813D9C23EC7EA60022D836 /* Sources */ = {
			isa = PBXSourcesBuildPhase;
			buildActionMask = 2147483647;
			files = (
				3E813DA523EC7EA60022D836 /* OneTimePasswordUITests.swift in Sources */,
			);
			runOnlyForDeploymentPostprocessing = 0;
		};
/* End PBXSourcesBuildPhase section */

/* Begin PBXTargetDependency section */
		3E813D9723EC7EA60022D836 /* PBXTargetDependency */ = {
			isa = PBXTargetDependency;
			target = 3E813D7E23EC7EA40022D836 /* OneTimePassword */;
			targetProxy = 3E813D9623EC7EA60022D836 /* PBXContainerItemProxy */;
		};
		3E813DA223EC7EA60022D836 /* PBXTargetDependency */ = {
			isa = PBXTargetDependency;
			target = 3E813D7E23EC7EA40022D836 /* OneTimePassword */;
			targetProxy = 3E813DA123EC7EA60022D836 /* PBXContainerItemProxy */;
		};
/* End PBXTargetDependency section */

/* Begin PBXVariantGroup section */
		3E813D8D23EC7EA60022D836 /* LaunchScreen.storyboard */ = {
			isa = PBXVariantGroup;
			children = (
				3E813D8E23EC7EA60022D836 /* Base */,
			);
			name = LaunchScreen.storyboard;
			sourceTree = "<group>";
		};
/* End PBXVariantGroup section */

/* Begin XCBuildConfiguration section */
		3E813DA723EC7EA60022D836 /* Debug */ = {
			isa = XCBuildConfiguration;
			buildSettings = {
				ALWAYS_SEARCH_USER_PATHS = NO;
				CLANG_ANALYZER_NONNULL = YES;
				CLANG_ANALYZER_NUMBER_OBJECT_CONVERSION = YES_AGGRESSIVE;
				CLANG_CXX_LANGUAGE_STANDARD = "gnu++14";
				CLANG_CXX_LIBRARY = "libc++";
				CLANG_ENABLE_MODULES = YES;
				CLANG_ENABLE_OBJC_ARC = YES;
				CLANG_ENABLE_OBJC_WEAK = YES;
				CLANG_WARN_BLOCK_CAPTURE_AUTORELEASING = YES;
				CLANG_WARN_BOOL_CONVERSION = YES;
				CLANG_WARN_COMMA = YES;
				CLANG_WARN_CONSTANT_CONVERSION = YES;
				CLANG_WARN_DEPRECATED_OBJC_IMPLEMENTATIONS = YES;
				CLANG_WARN_DIRECT_OBJC_ISA_USAGE = YES_ERROR;
				CLANG_WARN_DOCUMENTATION_COMMENTS = YES;
				CLANG_WARN_EMPTY_BODY = YES;
				CLANG_WARN_ENUM_CONVERSION = YES;
				CLANG_WARN_INFINITE_RECURSION = YES;
				CLANG_WARN_INT_CONVERSION = YES;
				CLANG_WARN_NON_LITERAL_NULL_CONVERSION = YES;
				CLANG_WARN_OBJC_IMPLICIT_RETAIN_SELF = YES;
				CLANG_WARN_OBJC_LITERAL_CONVERSION = YES;
				CLANG_WARN_OBJC_ROOT_CLASS = YES_ERROR;
				CLANG_WARN_RANGE_LOOP_ANALYSIS = YES;
				CLANG_WARN_STRICT_PROTOTYPES = YES;
				CLANG_WARN_SUSPICIOUS_MOVE = YES;
				CLANG_WARN_UNGUARDED_AVAILABILITY = YES_AGGRESSIVE;
				CLANG_WARN_UNREACHABLE_CODE = YES;
				CLANG_WARN__DUPLICATE_METHOD_MATCH = YES;
				COPY_PHASE_STRIP = NO;
				DEBUG_INFORMATION_FORMAT = dwarf;
				ENABLE_STRICT_OBJC_MSGSEND = YES;
				ENABLE_TESTABILITY = YES;
				GCC_C_LANGUAGE_STANDARD = gnu11;
				GCC_DYNAMIC_NO_PIC = NO;
				GCC_NO_COMMON_BLOCKS = YES;
				GCC_OPTIMIZATION_LEVEL = 0;
				GCC_PREPROCESSOR_DEFINITIONS = (
					"DEBUG=1",
					"$(inherited)",
				);
				GCC_WARN_64_TO_32_BIT_CONVERSION = YES;
				GCC_WARN_ABOUT_RETURN_TYPE = YES_ERROR;
				GCC_WARN_UNDECLARED_SELECTOR = YES;
				GCC_WARN_UNINITIALIZED_AUTOS = YES_AGGRESSIVE;
				GCC_WARN_UNUSED_FUNCTION = YES;
				GCC_WARN_UNUSED_VARIABLE = YES;
				IPHONEOS_DEPLOYMENT_TARGET = 13.0;
				MTL_ENABLE_DEBUG_INFO = INCLUDE_SOURCE;
				MTL_FAST_MATH = YES;
				ONLY_ACTIVE_ARCH = YES;
				SDKROOT = iphoneos;
				SWIFT_ACTIVE_COMPILATION_CONDITIONS = DEBUG;
				SWIFT_OPTIMIZATION_LEVEL = "-Onone";
				SWIFT_VERSION = 5.0;
			};
			name = Debug;
		};
		3E813DA823EC7EA60022D836 /* Release */ = {
			isa = XCBuildConfiguration;
			buildSettings = {
				ALWAYS_SEARCH_USER_PATHS = NO;
				CLANG_ANALYZER_NONNULL = YES;
				CLANG_ANALYZER_NUMBER_OBJECT_CONVERSION = YES_AGGRESSIVE;
				CLANG_CXX_LANGUAGE_STANDARD = "gnu++14";
				CLANG_CXX_LIBRARY = "libc++";
				CLANG_ENABLE_MODULES = YES;
				CLANG_ENABLE_OBJC_ARC = YES;
				CLANG_ENABLE_OBJC_WEAK = YES;
				CLANG_WARN_BLOCK_CAPTURE_AUTORELEASING = YES;
				CLANG_WARN_BOOL_CONVERSION = YES;
				CLANG_WARN_COMMA = YES;
				CLANG_WARN_CONSTANT_CONVERSION = YES;
				CLANG_WARN_DEPRECATED_OBJC_IMPLEMENTATIONS = YES;
				CLANG_WARN_DIRECT_OBJC_ISA_USAGE = YES_ERROR;
				CLANG_WARN_DOCUMENTATION_COMMENTS = YES;
				CLANG_WARN_EMPTY_BODY = YES;
				CLANG_WARN_ENUM_CONVERSION = YES;
				CLANG_WARN_INFINITE_RECURSION = YES;
				CLANG_WARN_INT_CONVERSION = YES;
				CLANG_WARN_NON_LITERAL_NULL_CONVERSION = YES;
				CLANG_WARN_OBJC_IMPLICIT_RETAIN_SELF = YES;
				CLANG_WARN_OBJC_LITERAL_CONVERSION = YES;
				CLANG_WARN_OBJC_ROOT_CLASS = YES_ERROR;
				CLANG_WARN_RANGE_LOOP_ANALYSIS = YES;
				CLANG_WARN_STRICT_PROTOTYPES = YES;
				CLANG_WARN_SUSPICIOUS_MOVE = YES;
				CLANG_WARN_UNGUARDED_AVAILABILITY = YES_AGGRESSIVE;
				CLANG_WARN_UNREACHABLE_CODE = YES;
				CLANG_WARN__DUPLICATE_METHOD_MATCH = YES;
				COPY_PHASE_STRIP = NO;
				DEBUG_INFORMATION_FORMAT = "dwarf-with-dsym";
				ENABLE_NS_ASSERTIONS = NO;
				ENABLE_STRICT_OBJC_MSGSEND = YES;
				GCC_C_LANGUAGE_STANDARD = gnu11;
				GCC_NO_COMMON_BLOCKS = YES;
				GCC_WARN_64_TO_32_BIT_CONVERSION = YES;
				GCC_WARN_ABOUT_RETURN_TYPE = YES_ERROR;
				GCC_WARN_UNDECLARED_SELECTOR = YES;
				GCC_WARN_UNINITIALIZED_AUTOS = YES_AGGRESSIVE;
				GCC_WARN_UNUSED_FUNCTION = YES;
				GCC_WARN_UNUSED_VARIABLE = YES;
				IPHONEOS_DEPLOYMENT_TARGET = 13.0;
				MTL_ENABLE_DEBUG_INFO = NO;
				MTL_FAST_MATH = YES;
				SDKROOT = iphoneos;
				SWIFT_COMPILATION_MODE = wholemodule;
				SWIFT_OPTIMIZATION_LEVEL = "-O";
				SWIFT_VERSION = 5.0;
				VALIDATE_PRODUCT = YES;
			};
			name = Release;
		};
		3E813DAA23EC7EA60022D836 /* Debug */ = {
			isa = XCBuildConfiguration;
			buildSettings = {
				ASSETCATALOG_COMPILER_APPICON_NAME = AppIcon;
				CODE_SIGN_STYLE = Automatic;
				DEVELOPMENT_ASSET_PATHS = "\"OneTimePassword/Preview Content\"";
				DEVELOPMENT_TEAM = 9L2TPWUVEQ;
				ENABLE_PREVIEWS = YES;
				INFOPLIST_FILE = OneTimePassword/Info.plist;
				IPHONEOS_DEPLOYMENT_TARGET = 13.0;
				LD_RUNPATH_SEARCH_PATHS = (
					"$(inherited)",
					"@executable_path/Frameworks",
				);
				PRODUCT_BUNDLE_IDENTIFIER = com.zsoltbiro.OneTimePassword;
				PRODUCT_NAME = "$(TARGET_NAME)";
				SWIFT_VERSION = 5.0;
				TARGETED_DEVICE_FAMILY = "1,2";
			};
			name = Debug;
		};
		3E813DAB23EC7EA60022D836 /* Release */ = {
			isa = XCBuildConfiguration;
			buildSettings = {
				ASSETCATALOG_COMPILER_APPICON_NAME = AppIcon;
				CODE_SIGN_STYLE = Automatic;
				DEVELOPMENT_ASSET_PATHS = "\"OneTimePassword/Preview Content\"";
				DEVELOPMENT_TEAM = 9L2TPWUVEQ;
				ENABLE_PREVIEWS = YES;
				INFOPLIST_FILE = OneTimePassword/Info.plist;
				IPHONEOS_DEPLOYMENT_TARGET = 13.0;
				LD_RUNPATH_SEARCH_PATHS = (
					"$(inherited)",
					"@executable_path/Frameworks",
				);
				PRODUCT_BUNDLE_IDENTIFIER = com.zsoltbiro.OneTimePassword;
				PRODUCT_NAME = "$(TARGET_NAME)";
				SWIFT_VERSION = 5.0;
				TARGETED_DEVICE_FAMILY = "1,2";
			};
			name = Release;
		};
		3E813DAD23EC7EA60022D836 /* Debug */ = {
			isa = XCBuildConfiguration;
			buildSettings = {
				ALWAYS_EMBED_SWIFT_STANDARD_LIBRARIES = YES;
				BUNDLE_LOADER = "$(TEST_HOST)";
				CODE_SIGN_STYLE = Automatic;
				DEVELOPMENT_TEAM = 9L2TPWUVEQ;
				INFOPLIST_FILE = OneTimePasswordTests/Info.plist;
				IPHONEOS_DEPLOYMENT_TARGET = 13.2;
				LD_RUNPATH_SEARCH_PATHS = (
					"$(inherited)",
					"@executable_path/Frameworks",
					"@loader_path/Frameworks",
				);
				PRODUCT_BUNDLE_IDENTIFIER = com.zsoltbiro.OneTimePasswordTests;
				PRODUCT_NAME = "$(TARGET_NAME)";
				SWIFT_VERSION = 5.0;
				TARGETED_DEVICE_FAMILY = "1,2";
				TEST_HOST = "$(BUILT_PRODUCTS_DIR)/OneTimePassword.app/OneTimePassword";
			};
			name = Debug;
		};
		3E813DAE23EC7EA60022D836 /* Release */ = {
			isa = XCBuildConfiguration;
			buildSettings = {
				ALWAYS_EMBED_SWIFT_STANDARD_LIBRARIES = YES;
				BUNDLE_LOADER = "$(TEST_HOST)";
				CODE_SIGN_STYLE = Automatic;
				DEVELOPMENT_TEAM = 9L2TPWUVEQ;
				INFOPLIST_FILE = OneTimePasswordTests/Info.plist;
				IPHONEOS_DEPLOYMENT_TARGET = 13.2;
				LD_RUNPATH_SEARCH_PATHS = (
					"$(inherited)",
					"@executable_path/Frameworks",
					"@loader_path/Frameworks",
				);
				PRODUCT_BUNDLE_IDENTIFIER = com.zsoltbiro.OneTimePasswordTests;
				PRODUCT_NAME = "$(TARGET_NAME)";
				SWIFT_VERSION = 5.0;
				TARGETED_DEVICE_FAMILY = "1,2";
				TEST_HOST = "$(BUILT_PRODUCTS_DIR)/OneTimePassword.app/OneTimePassword";
			};
			name = Release;
		};
		3E813DB023EC7EA60022D836 /* Debug */ = {
			isa = XCBuildConfiguration;
			buildSettings = {
				ALWAYS_EMBED_SWIFT_STANDARD_LIBRARIES = YES;
				CODE_SIGN_STYLE = Automatic;
				DEVELOPMENT_TEAM = 9L2TPWUVEQ;
				INFOPLIST_FILE = OneTimePasswordUITests/Info.plist;
				LD_RUNPATH_SEARCH_PATHS = (
					"$(inherited)",
					"@executable_path/Frameworks",
					"@loader_path/Frameworks",
				);
				PRODUCT_BUNDLE_IDENTIFIER = com.zsoltbiro.OneTimePasswordUITests;
				PRODUCT_NAME = "$(TARGET_NAME)";
				SWIFT_VERSION = 5.0;
				TARGETED_DEVICE_FAMILY = "1,2";
				TEST_TARGET_NAME = OneTimePassword;
			};
			name = Debug;
		};
		3E813DB123EC7EA60022D836 /* Release */ = {
			isa = XCBuildConfiguration;
			buildSettings = {
				ALWAYS_EMBED_SWIFT_STANDARD_LIBRARIES = YES;
				CODE_SIGN_STYLE = Automatic;
				DEVELOPMENT_TEAM = 9L2TPWUVEQ;
				INFOPLIST_FILE = OneTimePasswordUITests/Info.plist;
				LD_RUNPATH_SEARCH_PATHS = (
					"$(inherited)",
					"@executable_path/Frameworks",
					"@loader_path/Frameworks",
				);
				PRODUCT_BUNDLE_IDENTIFIER = com.zsoltbiro.OneTimePasswordUITests;
				PRODUCT_NAME = "$(TARGET_NAME)";
				SWIFT_VERSION = 5.0;
				TARGETED_DEVICE_FAMILY = "1,2";
				TEST_TARGET_NAME = OneTimePassword;
			};
			name = Release;
		};
/* End XCBuildConfiguration section */

/* Begin XCConfigurationList section */
		3E813D7A23EC7EA40022D836 /* Build configuration list for PBXProject "OneTimePassword" */ = {
			isa = XCConfigurationList;
			buildConfigurations = (
				3E813DA723EC7EA60022D836 /* Debug */,
				3E813DA823EC7EA60022D836 /* Release */,
			);
			defaultConfigurationIsVisible = 0;
			defaultConfigurationName = Release;
		};
		3E813DA923EC7EA60022D836 /* Build configuration list for PBXNativeTarget "OneTimePassword" */ = {
			isa = XCConfigurationList;
			buildConfigurations = (
				3E813DAA23EC7EA60022D836 /* Debug */,
				3E813DAB23EC7EA60022D836 /* Release */,
			);
			defaultConfigurationIsVisible = 0;
			defaultConfigurationName = Release;
		};
		3E813DAC23EC7EA60022D836 /* Build configuration list for PBXNativeTarget "OneTimePasswordTests" */ = {
			isa = XCConfigurationList;
			buildConfigurations = (
				3E813DAD23EC7EA60022D836 /* Debug */,
				3E813DAE23EC7EA60022D836 /* Release */,
			);
			defaultConfigurationIsVisible = 0;
			defaultConfigurationName = Release;
		};
		3E813DAF23EC7EA60022D836 /* Build configuration list for PBXNativeTarget "OneTimePasswordUITests" */ = {
			isa = XCConfigurationList;
			buildConfigurations = (
				3E813DB023EC7EA60022D836 /* Debug */,
				3E813DB123EC7EA60022D836 /* Release */,
			);
			defaultConfigurationIsVisible = 0;
			defaultConfigurationName = Release;
		};
/* End XCConfigurationList section */
	};
	rootObject = 3E813D7723EC7EA40022D836 /* Project object */;
}
